
Microsoft Visual Studio Solution File, Format Version 12.00
# Visual Studio Version 17
VisualStudioVersion = 17.9.34616.47
MinimumVisualStudioVersion = 10.0.40219.1
Project("{FAE04EC0-301F-11D3-BF4B-00C04F79EFBC}") = "컨텍스트메뉴", "컨텍스트메뉴.csproj", "{F7A3BD56-95C0-44DB-AC01-843DEEBDC866}"
EndProject
Global
	GlobalSection(SolutionConfigurationPlatforms) = preSolution
		Debug|Any CPU = Debug|Any CPU
		Release|Any CPU = Release|Any CPU
	EndGlobalSection
	GlobalSection(ProjectConfigurationPlatforms) = postSolution
		{F7A3BD56-95C0-44DB-AC01-843DEEBDC866}.Debug|Any CPU.ActiveCfg = Debug|Any CPU
		{F7A3BD56-95C0-44DB-AC01-843DEEBDC866}.Debug|Any CPU.Build.0 = Debug|Any CPU
		{F7A3BD56-95C0-44DB-AC01-843DEEBDC866}.Release|Any CPU.ActiveCfg = Release|Any CPU
		{F7A3BD56-95C0-44DB-AC01-843DEEBDC866}.Release|Any CPU.Build.0 = Release|Any CPU
	EndGlobalSection
	GlobalSection(SolutionProperties) = preSolution
		HideSolutionNode = FALSE
	EndGlobalSection
	GlobalSection(ExtensibilityGlobals) = postSolution
		SolutionGuid = {B874A2CC-2628-4DB4-9CE7-1B2FC5100708}
	EndGlobalSection
EndGlobal
