
Microsoft Visual Studio Solution File, Format Version 12.00
# Visual Studio Version 17
VisualStudioVersion = 17.9.34616.47
MinimumVisualStudioVersion = 10.0.40219.1
Project("{FAE04EC0-301F-11D3-BF4B-00C04F79EFBC}") = "스레드풀", "스레드풀.csproj", "{261DC03E-9BB4-4D6C-8633-5ACAFC07C33E}"
EndProject
Global
	GlobalSection(SolutionConfigurationPlatforms) = preSolution
		Debug|Any CPU = Debug|Any CPU
		Release|Any CPU = Release|Any CPU
	EndGlobalSection
	GlobalSection(ProjectConfigurationPlatforms) = postSolution
		{261DC03E-9BB4-4D6C-8633-5ACAFC07C33E}.Debug|Any CPU.ActiveCfg = Debug|Any CPU
		{261DC03E-9BB4-4D6C-8633-5ACAFC07C33E}.Debug|Any CPU.Build.0 = Debug|Any CPU
		{261DC03E-9BB4-4D6C-8633-5ACAFC07C33E}.Release|Any CPU.ActiveCfg = Release|Any CPU
		{261DC03E-9BB4-4D6C-8633-5ACAFC07C33E}.Release|Any CPU.Build.0 = Release|Any CPU
	EndGlobalSection
	GlobalSection(SolutionProperties) = preSolution
		HideSolutionNode = FALSE
	EndGlobalSection
	GlobalSection(ExtensibilityGlobals) = postSolution
		SolutionGuid = {B6458C9A-5DDF-489B-92F3-183A8B88CC65}
	EndGlobalSection
EndGlobal
