
Microsoft Visual Studio Solution File, Format Version 12.00
# Visual Studio Version 17
VisualStudioVersion = 17.9.34616.47
MinimumVisualStudioVersion = 10.0.40219.1
Project("{FAE04EC0-301F-11D3-BF4B-00C04F79EFBC}") = "예외처리", "예외처리.csproj", "{74175BAC-2DD1-4F65-8E11-DE72325D8FAF}"
EndProject
Global
	GlobalSection(SolutionConfigurationPlatforms) = preSolution
		Debug|Any CPU = Debug|Any CPU
		Release|Any CPU = Release|Any CPU
	EndGlobalSection
	GlobalSection(ProjectConfigurationPlatforms) = postSolution
		{74175BAC-2DD1-4F65-8E11-DE72325D8FAF}.Debug|Any CPU.ActiveCfg = Debug|Any CPU
		{74175BAC-2DD1-4F65-8E11-DE72325D8FAF}.Debug|Any CPU.Build.0 = Debug|Any CPU
		{74175BAC-2DD1-4F65-8E11-DE72325D8FAF}.Release|Any CPU.ActiveCfg = Release|Any CPU
		{74175BAC-2DD1-4F65-8E11-DE72325D8FAF}.Release|Any CPU.Build.0 = Release|Any CPU
	EndGlobalSection
	GlobalSection(SolutionProperties) = preSolution
		HideSolutionNode = FALSE
	EndGlobalSection
	GlobalSection(ExtensibilityGlobals) = postSolution
		SolutionGuid = {C6EFCE57-45E3-4B38-A0C3-CF885A22759F}
	EndGlobalSection
EndGlobal
