
Microsoft Visual Studio Solution File, Format Version 12.00
# Visual Studio Version 17
VisualStudioVersion = 17.9.34616.47
MinimumVisualStudioVersion = 10.0.40219.1
Project("{FAE04EC0-301F-11D3-BF4B-00C04F79EFBC}") = "swichTest", "swichTest.csproj", "{108F58A3-3AD9-48B7-949B-79EB9E146B28}"
EndProject
Global
	GlobalSection(SolutionConfigurationPlatforms) = preSolution
		Debug|Any CPU = Debug|Any CPU
		Release|Any CPU = Release|Any CPU
	EndGlobalSection
	GlobalSection(ProjectConfigurationPlatforms) = postSolution
		{108F58A3-3AD9-48B7-949B-79EB9E146B28}.Debug|Any CPU.ActiveCfg = Debug|Any CPU
		{108F58A3-3AD9-48B7-949B-79EB9E146B28}.Debug|Any CPU.Build.0 = Debug|Any CPU
		{108F58A3-3AD9-48B7-949B-79EB9E146B28}.Release|Any CPU.ActiveCfg = Release|Any CPU
		{108F58A3-3AD9-48B7-949B-79EB9E146B28}.Release|Any CPU.Build.0 = Release|Any CPU
	EndGlobalSection
	GlobalSection(SolutionProperties) = preSolution
		HideSolutionNode = FALSE
	EndGlobalSection
	GlobalSection(ExtensibilityGlobals) = postSolution
		SolutionGuid = {872BD544-E2C4-46DE-A409-9AD1D72D5999}
	EndGlobalSection
EndGlobal
