
Microsoft Visual Studio Solution File, Format Version 12.00
# Visual Studio Version 17
VisualStudioVersion = 17.9.34616.47
MinimumVisualStudioVersion = 10.0.40219.1
Project("{FAE04EC0-301F-11D3-BF4B-00C04F79EFBC}") = "공통대화상자", "공통대화상자.csproj", "{5F511076-C0FD-46F2-B522-C3FE616A0796}"
EndProject
Global
	GlobalSection(SolutionConfigurationPlatforms) = preSolution
		Debug|Any CPU = Debug|Any CPU
		Release|Any CPU = Release|Any CPU
	EndGlobalSection
	GlobalSection(ProjectConfigurationPlatforms) = postSolution
		{5F511076-C0FD-46F2-B522-C3FE616A0796}.Debug|Any CPU.ActiveCfg = Debug|Any CPU
		{5F511076-C0FD-46F2-B522-C3FE616A0796}.Debug|Any CPU.Build.0 = Debug|Any CPU
		{5F511076-C0FD-46F2-B522-C3FE616A0796}.Release|Any CPU.ActiveCfg = Release|Any CPU
		{5F511076-C0FD-46F2-B522-C3FE616A0796}.Release|Any CPU.Build.0 = Release|Any CPU
	EndGlobalSection
	GlobalSection(SolutionProperties) = preSolution
		HideSolutionNode = FALSE
	EndGlobalSection
	GlobalSection(ExtensibilityGlobals) = postSolution
		SolutionGuid = {C38FEB3F-9CDA-4927-8963-7068451AE971}
	EndGlobalSection
EndGlobal
