
Microsoft Visual Studio Solution File, Format Version 12.00
# Visual Studio Version 17
VisualStudioVersion = 17.9.34616.47
MinimumVisualStudioVersion = 10.0.40219.1
Project("{FAE04EC0-301F-11D3-BF4B-00C04F79EFBC}") = "그리디", "그리디.csproj", "{15C161AE-6ED6-4074-A7FB-29A738249FBA}"
EndProject
Global
	GlobalSection(SolutionConfigurationPlatforms) = preSolution
		Debug|Any CPU = Debug|Any CPU
		Release|Any CPU = Release|Any CPU
	EndGlobalSection
	GlobalSection(ProjectConfigurationPlatforms) = postSolution
		{15C161AE-6ED6-4074-A7FB-29A738249FBA}.Debug|Any CPU.ActiveCfg = Debug|Any CPU
		{15C161AE-6ED6-4074-A7FB-29A738249FBA}.Debug|Any CPU.Build.0 = Debug|Any CPU
		{15C161AE-6ED6-4074-A7FB-29A738249FBA}.Release|Any CPU.ActiveCfg = Release|Any CPU
		{15C161AE-6ED6-4074-A7FB-29A738249FBA}.Release|Any CPU.Build.0 = Release|Any CPU
	EndGlobalSection
	GlobalSection(SolutionProperties) = preSolution
		HideSolutionNode = FALSE
	EndGlobalSection
	GlobalSection(ExtensibilityGlobals) = postSolution
		SolutionGuid = {0C8A4F47-DC69-4415-8403-515734E673D6}
	EndGlobalSection
EndGlobal
