
Microsoft Visual Studio Solution File, Format Version 12.00
# Visual Studio Version 17
VisualStudioVersion = 17.9.34616.47
MinimumVisualStudioVersion = 10.0.40219.1
Project("{FAE04EC0-301F-11D3-BF4B-00C04F79EFBC}") = "스레드정보", "스레드정보.csproj", "{E22DD033-0927-46B2-ADEE-5A939D1860F9}"
EndProject
Global
	GlobalSection(SolutionConfigurationPlatforms) = preSolution
		Debug|Any CPU = Debug|Any CPU
		Release|Any CPU = Release|Any CPU
	EndGlobalSection
	GlobalSection(ProjectConfigurationPlatforms) = postSolution
		{E22DD033-0927-46B2-ADEE-5A939D1860F9}.Debug|Any CPU.ActiveCfg = Debug|Any CPU
		{E22DD033-0927-46B2-ADEE-5A939D1860F9}.Debug|Any CPU.Build.0 = Debug|Any CPU
		{E22DD033-0927-46B2-ADEE-5A939D1860F9}.Release|Any CPU.ActiveCfg = Release|Any CPU
		{E22DD033-0927-46B2-ADEE-5A939D1860F9}.Release|Any CPU.Build.0 = Release|Any CPU
	EndGlobalSection
	GlobalSection(SolutionProperties) = preSolution
		HideSolutionNode = FALSE
	EndGlobalSection
	GlobalSection(ExtensibilityGlobals) = postSolution
		SolutionGuid = {5B45674B-77AA-4B28-A290-3AD3A5532820}
	EndGlobalSection
EndGlobal
