
Microsoft Visual Studio Solution File, Format Version 12.00
# Visual Studio Version 17
VisualStudioVersion = 17.9.34616.47
MinimumVisualStudioVersion = 10.0.40219.1
Project("{FAE04EC0-301F-11D3-BF4B-00C04F79EFBC}") = "WindowsFormsApp", "WindowsFormsApp.csproj", "{10306356-5378-4E48-B592-A732544DA5CA}"
EndProject
Global
	GlobalSection(SolutionConfigurationPlatforms) = preSolution
		Debug|Any CPU = Debug|Any CPU
		Release|Any CPU = Release|Any CPU
	EndGlobalSection
	GlobalSection(ProjectConfigurationPlatforms) = postSolution
		{10306356-5378-4E48-B592-A732544DA5CA}.Debug|Any CPU.ActiveCfg = Debug|Any CPU
		{10306356-5378-4E48-B592-A732544DA5CA}.Debug|Any CPU.Build.0 = Debug|Any CPU
		{10306356-5378-4E48-B592-A732544DA5CA}.Release|Any CPU.ActiveCfg = Release|Any CPU
		{10306356-5378-4E48-B592-A732544DA5CA}.Release|Any CPU.Build.0 = Release|Any CPU
	EndGlobalSection
	GlobalSection(SolutionProperties) = preSolution
		HideSolutionNode = FALSE
	EndGlobalSection
	GlobalSection(ExtensibilityGlobals) = postSolution
		SolutionGuid = {5605A81F-0F16-4275-99C5-90870F2BF476}
	EndGlobalSection
EndGlobal
