
Microsoft Visual Studio Solution File, Format Version 12.00
# Visual Studio Version 17
VisualStudioVersion = 17.9.34616.47
MinimumVisualStudioVersion = 10.0.40219.1
Project("{FAE04EC0-301F-11D3-BF4B-00C04F79EFBC}") = "봉인클래스", "봉인클래스.csproj", "{CE7CAFF3-5623-491D-9967-98F33958CF3D}"
EndProject
Global
	GlobalSection(SolutionConfigurationPlatforms) = preSolution
		Debug|Any CPU = Debug|Any CPU
		Release|Any CPU = Release|Any CPU
	EndGlobalSection
	GlobalSection(ProjectConfigurationPlatforms) = postSolution
		{CE7CAFF3-5623-491D-9967-98F33958CF3D}.Debug|Any CPU.ActiveCfg = Debug|Any CPU
		{CE7CAFF3-5623-491D-9967-98F33958CF3D}.Debug|Any CPU.Build.0 = Debug|Any CPU
		{CE7CAFF3-5623-491D-9967-98F33958CF3D}.Release|Any CPU.ActiveCfg = Release|Any CPU
		{CE7CAFF3-5623-491D-9967-98F33958CF3D}.Release|Any CPU.Build.0 = Release|Any CPU
	EndGlobalSection
	GlobalSection(SolutionProperties) = preSolution
		HideSolutionNode = FALSE
	EndGlobalSection
	GlobalSection(ExtensibilityGlobals) = postSolution
		SolutionGuid = {94E46099-5634-4FF1-8968-2807F632BDAD}
	EndGlobalSection
EndGlobal
