
Microsoft Visual Studio Solution File, Format Version 12.00
# Visual Studio Version 17
VisualStudioVersion = 17.9.34616.47
MinimumVisualStudioVersion = 10.0.40219.1
Project("{FAE04EC0-301F-11D3-BF4B-00C04F79EFBC}") = "Array", "Array.csproj", "{DFABBA4B-D33E-44DA-A162-02D453AEAAE6}"
EndProject
Global
	GlobalSection(SolutionConfigurationPlatforms) = preSolution
		Debug|Any CPU = Debug|Any CPU
		Release|Any CPU = Release|Any CPU
	EndGlobalSection
	GlobalSection(ProjectConfigurationPlatforms) = postSolution
		{DFABBA4B-D33E-44DA-A162-02D453AEAAE6}.Debug|Any CPU.ActiveCfg = Debug|Any CPU
		{DFABBA4B-D33E-44DA-A162-02D453AEAAE6}.Debug|Any CPU.Build.0 = Debug|Any CPU
		{DFABBA4B-D33E-44DA-A162-02D453AEAAE6}.Release|Any CPU.ActiveCfg = Release|Any CPU
		{DFABBA4B-D33E-44DA-A162-02D453AEAAE6}.Release|Any CPU.Build.0 = Release|Any CPU
	EndGlobalSection
	GlobalSection(SolutionProperties) = preSolution
		HideSolutionNode = FALSE
	EndGlobalSection
	GlobalSection(ExtensibilityGlobals) = postSolution
		SolutionGuid = {1D9DF903-C21B-411A-A3E7-B5D044D1859D}
	EndGlobalSection
EndGlobal
