
Microsoft Visual Studio Solution File, Format Version 12.00
# Visual Studio Version 17
VisualStudioVersion = 17.9.34616.47
MinimumVisualStudioVersion = 10.0.40219.1
Project("{FAE04EC0-301F-11D3-BF4B-00C04F79EFBC}") = "Arithmetic", "Arithmetic.csproj", "{0595CB36-2B7A-41BB-8717-DF83792D9E36}"
EndProject
Global
	GlobalSection(SolutionConfigurationPlatforms) = preSolution
		Debug|Any CPU = Debug|Any CPU
		Release|Any CPU = Release|Any CPU
	EndGlobalSection
	GlobalSection(ProjectConfigurationPlatforms) = postSolution
		{0595CB36-2B7A-41BB-8717-DF83792D9E36}.Debug|Any CPU.ActiveCfg = Debug|Any CPU
		{0595CB36-2B7A-41BB-8717-DF83792D9E36}.Debug|Any CPU.Build.0 = Debug|Any CPU
		{0595CB36-2B7A-41BB-8717-DF83792D9E36}.Release|Any CPU.ActiveCfg = Release|Any CPU
		{0595CB36-2B7A-41BB-8717-DF83792D9E36}.Release|Any CPU.Build.0 = Release|Any CPU
	EndGlobalSection
	GlobalSection(SolutionProperties) = preSolution
		HideSolutionNode = FALSE
	EndGlobalSection
	GlobalSection(ExtensibilityGlobals) = postSolution
		SolutionGuid = {A9CF9737-DBA2-4E07-B53A-B5995C5C2260}
	EndGlobalSection
EndGlobal
