
Microsoft Visual Studio Solution File, Format Version 12.00
# Visual Studio Version 17
VisualStudioVersion = 17.9.34616.47
MinimumVisualStudioVersion = 10.0.40219.1
Project("{FAE04EC0-301F-11D3-BF4B-00C04F79EFBC}") = "foreach", "foreach.csproj", "{C91E48A3-1087-4CB5-ACCE-795AE83F38FB}"
EndProject
Global
	GlobalSection(SolutionConfigurationPlatforms) = preSolution
		Debug|Any CPU = Debug|Any CPU
		Release|Any CPU = Release|Any CPU
	EndGlobalSection
	GlobalSection(ProjectConfigurationPlatforms) = postSolution
		{C91E48A3-1087-4CB5-ACCE-795AE83F38FB}.Debug|Any CPU.ActiveCfg = Debug|Any CPU
		{C91E48A3-1087-4CB5-ACCE-795AE83F38FB}.Debug|Any CPU.Build.0 = Debug|Any CPU
		{C91E48A3-1087-4CB5-ACCE-795AE83F38FB}.Release|Any CPU.ActiveCfg = Release|Any CPU
		{C91E48A3-1087-4CB5-ACCE-795AE83F38FB}.Release|Any CPU.Build.0 = Release|Any CPU
	EndGlobalSection
	GlobalSection(SolutionProperties) = preSolution
		HideSolutionNode = FALSE
	EndGlobalSection
	GlobalSection(ExtensibilityGlobals) = postSolution
		SolutionGuid = {2C65FA25-E533-454E-ADDF-3D47F25E1F7E}
	EndGlobalSection
EndGlobal
