
Microsoft Visual Studio Solution File, Format Version 12.00
# Visual Studio Version 17
VisualStudioVersion = 17.9.34616.47
MinimumVisualStudioVersion = 10.0.40219.1
Project("{FAE04EC0-301F-11D3-BF4B-00C04F79EFBC}") = "멀티델리게이트", "멀티델리게이트.csproj", "{B376D0B5-3B0F-4751-859D-488FDBA6CAA4}"
EndProject
Global
	GlobalSection(SolutionConfigurationPlatforms) = preSolution
		Debug|Any CPU = Debug|Any CPU
		Release|Any CPU = Release|Any CPU
	EndGlobalSection
	GlobalSection(ProjectConfigurationPlatforms) = postSolution
		{B376D0B5-3B0F-4751-859D-488FDBA6CAA4}.Debug|Any CPU.ActiveCfg = Debug|Any CPU
		{B376D0B5-3B0F-4751-859D-488FDBA6CAA4}.Debug|Any CPU.Build.0 = Debug|Any CPU
		{B376D0B5-3B0F-4751-859D-488FDBA6CAA4}.Release|Any CPU.ActiveCfg = Release|Any CPU
		{B376D0B5-3B0F-4751-859D-488FDBA6CAA4}.Release|Any CPU.Build.0 = Release|Any CPU
	EndGlobalSection
	GlobalSection(SolutionProperties) = preSolution
		HideSolutionNode = FALSE
	EndGlobalSection
	GlobalSection(ExtensibilityGlobals) = postSolution
		SolutionGuid = {96E0E549-48B5-4DCF-960C-D6EB39C3025A}
	EndGlobalSection
EndGlobal
